
Microsoft Visual Studio Solution File, Format Version 12.00
# Visual Studio Version 17
VisualStudioVersion = 17.5.002.0
MinimumVisualStudioVersion = 10.0.40219.1
Project("{9A19103F-16F7-4668-BE54-9A1E7A4F7556}") = "dotnet-new-mvc", "dotnet-new-mvc.csproj", "{571685C9-D1F7-40B9-BB2C-670C0E42422B}"
EndProject
Global
	GlobalSection(SolutionConfigurationPlatforms) = preSolution
		Debug|Any CPU = Debug|Any CPU
		Release|Any CPU = Release|Any CPU
	EndGlobalSection
	GlobalSection(ProjectConfigurationPlatforms) = postSolution
		{571685C9-D1F7-40B9-BB2C-670C0E42422B}.Debug|Any CPU.ActiveCfg = Debug|Any CPU
		{571685C9-D1F7-40B9-BB2C-670C0E42422B}.Debug|Any CPU.Build.0 = Debug|Any CPU
		{571685C9-D1F7-40B9-BB2C-670C0E42422B}.Release|Any CPU.ActiveCfg = Release|Any CPU
		{571685C9-D1F7-40B9-BB2C-670C0E42422B}.Release|Any CPU.Build.0 = Release|Any CPU
	EndGlobalSection
	GlobalSection(SolutionProperties) = preSolution
		HideSolutionNode = FALSE
	EndGlobalSection
	GlobalSection(ExtensibilityGlobals) = postSolution
		SolutionGuid = {3A09B6FB-FC97-4179-AC8E-45B732D1B820}
	EndGlobalSection
EndGlobal
